// !$*UTF8*$!
{
	archiveVersion = 1;
	classes = {
	};
	objectVersion = 50;
	objects = {

/* Begin PBXBuildFile section */
		0121470124795F7F0002D830 /* Main.storyboard in Resources */ = {isa = PBXBuildFile; fileRef = 0121470024795F7F0002D830 /* Main.storyboard */; };
		01214703247978190002D830 /* HouseLogContentViews.swift in Sources */ = {isa = PBXBuildFile; fileRef = 01214702247978190002D830 /* HouseLogContentViews.swift */; };
		012147052479883F0002D830 /* HouseLogLoginViewController.swift in Sources */ = {isa = PBXBuildFile; fileRef = 012147042479883F0002D830 /* HouseLogLoginViewController.swift */; };
		015DD02D248FE867005819CB /* HouseLogContentViewController.swift in Sources */ = {isa = PBXBuildFile; fileRef = 015DD02C248FE867005819CB /* HouseLogContentViewController.swift */; };
		01659B8124485EBE0090A0D9 /* AppDelegate.swift in Sources */ = {isa = PBXBuildFile; fileRef = 01659B8024485EBE0090A0D9 /* AppDelegate.swift */; };
		01659B8324485EBE0090A0D9 /* SceneDelegate.swift in Sources */ = {isa = PBXBuildFile; fileRef = 01659B8224485EBE0090A0D9 /* SceneDelegate.swift */; };
		01659B8524485EBF0090A0D9 /* ContentView.swift in Sources */ = {isa = PBXBuildFile; fileRef = 01659B8424485EBF0090A0D9 /* ContentView.swift */; };
		01659B8724485EC00090A0D9 /* Assets.xcassets in Resources */ = {isa = PBXBuildFile; fileRef = 01659B8624485EC00090A0D9 /* Assets.xcassets */; };
		01659B8A24485EC00090A0D9 /* Preview Assets.xcassets in Resources */ = {isa = PBXBuildFile; fileRef = 01659B8924485EC00090A0D9 /* Preview Assets.xcassets */; };
		01659B8D24485EC00090A0D9 /* LaunchScreen.storyboard in Resources */ = {isa = PBXBuildFile; fileRef = 01659B8B24485EC00090A0D9 /* LaunchScreen.storyboard */; };
		01659B9824485EC00090A0D9 /* HouseLogTests.swift in Sources */ = {isa = PBXBuildFile; fileRef = 01659B9724485EC00090A0D9 /* HouseLogTests.swift */; };
		01659BA324485EC00090A0D9 /* HouseLogUITests.swift in Sources */ = {isa = PBXBuildFile; fileRef = 01659BA224485EC00090A0D9 /* HouseLogUITests.swift */; };
		01659BB1244861CD0090A0D9 /* GenericView.swift in Sources */ = {isa = PBXBuildFile; fileRef = 01659BB0244861CD0090A0D9 /* GenericView.swift */; };
		0167046324A7AE9B0010BC33 /* UIColor+CustomColor.swift in Sources */ = {isa = PBXBuildFile; fileRef = 0167046224A7AE9B0010BC33 /* UIColor+CustomColor.swift */; };
		01710C42249A45AD00D81776 /* HouseLogProtocols.swift in Sources */ = {isa = PBXBuildFile; fileRef = 01710C41249A45AD00D81776 /* HouseLogProtocols.swift */; };
		01710C44249A598300D81776 /* HouseLogUserDefaultFunctions.swift in Sources */ = {isa = PBXBuildFile; fileRef = 01710C43249A598300D81776 /* HouseLogUserDefaultFunctions.swift */; };
		0171E3EE24A6AF32007FD625 /* HouseLogCollectionViewCell.swift in Sources */ = {isa = PBXBuildFile; fileRef = 0171E3ED24A6AF32007FD625 /* HouseLogCollectionViewCell.swift */; };
/* End PBXBuildFile section */

/* Begin PBXContainerItemProxy section */
		01659B9424485EC00090A0D9 /* PBXContainerItemProxy */ = {
			isa = PBXContainerItemProxy;
			containerPortal = 01659B7524485EBE0090A0D9 /* Project object */;
			proxyType = 1;
			remoteGlobalIDString = 01659B7C24485EBE0090A0D9;
			remoteInfo = HouseLog;
		};
		01659B9F24485EC00090A0D9 /* PBXContainerItemProxy */ = {
			isa = PBXContainerItemProxy;
			containerPortal = 01659B7524485EBE0090A0D9 /* Project object */;
			proxyType = 1;
			remoteGlobalIDString = 01659B7C24485EBE0090A0D9;
			remoteInfo = HouseLog;
		};
/* End PBXContainerItemProxy section */

/* Begin PBXFileReference section */
		0121470024795F7F0002D830 /* Main.storyboard */ = {isa = PBXFileReference; lastKnownFileType = file.storyboard; path = Main.storyboard; sourceTree = "<group>"; };
		01214702247978190002D830 /* HouseLogContentViews.swift */ = {isa = PBXFileReference; lastKnownFileType = sourcecode.swift; path = HouseLogContentViews.swift; sourceTree = "<group>"; };
		012147042479883F0002D830 /* HouseLogLoginViewController.swift */ = {isa = PBXFileReference; lastKnownFileType = sourcecode.swift; path = HouseLogLoginViewController.swift; sourceTree = "<group>"; };
		015DD02C248FE867005819CB /* HouseLogContentViewController.swift */ = {isa = PBXFileReference; lastKnownFileType = sourcecode.swift; path = HouseLogContentViewController.swift; sourceTree = "<group>"; };
		01659B7D24485EBE0090A0D9 /* HouseLog.app */ = {isa = PBXFileReference; explicitFileType = wrapper.application; includeInIndex = 0; path = HouseLog.app; sourceTree = BUILT_PRODUCTS_DIR; };
		01659B8024485EBE0090A0D9 /* AppDelegate.swift */ = {isa = PBXFileReference; lastKnownFileType = sourcecode.swift; path = AppDelegate.swift; sourceTree = "<group>"; };
		01659B8224485EBE0090A0D9 /* SceneDelegate.swift */ = {isa = PBXFileReference; lastKnownFileType = sourcecode.swift; path = SceneDelegate.swift; sourceTree = "<group>"; };
		01659B8424485EBF0090A0D9 /* ContentView.swift */ = {isa = PBXFileReference; lastKnownFileType = sourcecode.swift; path = ContentView.swift; sourceTree = "<group>"; };
		01659B8624485EC00090A0D9 /* Assets.xcassets */ = {isa = PBXFileReference; lastKnownFileType = folder.assetcatalog; path = Assets.xcassets; sourceTree = "<group>"; };
		01659B8924485EC00090A0D9 /* Preview Assets.xcassets */ = {isa = PBXFileReference; lastKnownFileType = folder.assetcatalog; path = "Preview Assets.xcassets"; sourceTree = "<group>"; };
		01659B8C24485EC00090A0D9 /* Base */ = {isa = PBXFileReference; lastKnownFileType = file.storyboard; name = Base; path = Base.lproj/LaunchScreen.storyboard; sourceTree = "<group>"; };
		01659B8E24485EC00090A0D9 /* Info.plist */ = {isa = PBXFileReference; lastKnownFileType = text.plist.xml; path = Info.plist; sourceTree = "<group>"; };
		01659B9324485EC00090A0D9 /* HouseLogTests.xctest */ = {isa = PBXFileReference; explicitFileType = wrapper.cfbundle; includeInIndex = 0; path = HouseLogTests.xctest; sourceTree = BUILT_PRODUCTS_DIR; };
		01659B9724485EC00090A0D9 /* HouseLogTests.swift */ = {isa = PBXFileReference; lastKnownFileType = sourcecode.swift; path = HouseLogTests.swift; sourceTree = "<group>"; };
		01659B9924485EC00090A0D9 /* Info.plist */ = {isa = PBXFileReference; lastKnownFileType = text.plist.xml; path = Info.plist; sourceTree = "<group>"; };
		01659B9E24485EC00090A0D9 /* HouseLogUITests.xctest */ = {isa = PBXFileReference; explicitFileType = wrapper.cfbundle; includeInIndex = 0; path = HouseLogUITests.xctest; sourceTree = BUILT_PRODUCTS_DIR; };
		01659BA224485EC00090A0D9 /* HouseLogUITests.swift */ = {isa = PBXFileReference; lastKnownFileType = sourcecode.swift; path = HouseLogUITests.swift; sourceTree = "<group>"; };
		01659BA424485EC00090A0D9 /* Info.plist */ = {isa = PBXFileReference; lastKnownFileType = text.plist.xml; path = Info.plist; sourceTree = "<group>"; };
		01659BB0244861CD0090A0D9 /* GenericView.swift */ = {isa = PBXFileReference; lastKnownFileType = sourcecode.swift; path = GenericView.swift; sourceTree = "<group>"; };
		0167046224A7AE9B0010BC33 /* UIColor+CustomColor.swift */ = {isa = PBXFileReference; lastKnownFileType = sourcecode.swift; path = "UIColor+CustomColor.swift"; sourceTree = "<group>"; };
		01710C41249A45AD00D81776 /* HouseLogProtocols.swift */ = {isa = PBXFileReference; lastKnownFileType = sourcecode.swift; path = HouseLogProtocols.swift; sourceTree = "<group>"; };
		01710C43249A598300D81776 /* HouseLogUserDefaultFunctions.swift */ = {isa = PBXFileReference; lastKnownFileType = sourcecode.swift; path = HouseLogUserDefaultFunctions.swift; sourceTree = "<group>"; };
		0171E3ED24A6AF32007FD625 /* HouseLogCollectionViewCell.swift */ = {isa = PBXFileReference; lastKnownFileType = sourcecode.swift; path = HouseLogCollectionViewCell.swift; sourceTree = "<group>"; };
/* End PBXFileReference section */

/* Begin PBXFrameworksBuildPhase section */
		01659B7A24485EBE0090A0D9 /* Frameworks */ = {
			isa = PBXFrameworksBuildPhase;
			buildActionMask = 2147483647;
			files = (
			);
			runOnlyForDeploymentPostprocessing = 0;
		};
		01659B9024485EC00090A0D9 /* Frameworks */ = {
			isa = PBXFrameworksBuildPhase;
			buildActionMask = 2147483647;
			files = (
			);
			runOnlyForDeploymentPostprocessing = 0;
		};
		01659B9B24485EC00090A0D9 /* Frameworks */ = {
			isa = PBXFrameworksBuildPhase;
			buildActionMask = 2147483647;
			files = (
			);
			runOnlyForDeploymentPostprocessing = 0;
		};
/* End PBXFrameworksBuildPhase section */

/* Begin PBXGroup section */
		012146FF24795DBA0002D830 /* HouseLog */ = {
			isa = PBXGroup;
			children = (
				0121470024795F7F0002D830 /* Main.storyboard */,
				01214702247978190002D830 /* HouseLogContentViews.swift */,
				012147042479883F0002D830 /* HouseLogLoginViewController.swift */,
				015DD02C248FE867005819CB /* HouseLogContentViewController.swift */,
				01710C43249A598300D81776 /* HouseLogUserDefaultFunctions.swift */,
				01710C41249A45AD00D81776 /* HouseLogProtocols.swift */,
				0171E3ED24A6AF32007FD625 /* HouseLogCollectionViewCell.swift */,
				0167046224A7AE9B0010BC33 /* UIColor+CustomColor.swift */,
			);
			path = HouseLog;
			sourceTree = "<group>";
		};
		01659B7424485EBE0090A0D9 = {
			isa = PBXGroup;
			children = (
				01659B7F24485EBE0090A0D9 /* HouseLog */,
				01659B9624485EC00090A0D9 /* HouseLogTests */,
				01659BA124485EC00090A0D9 /* HouseLogUITests */,
				01659B7E24485EBE0090A0D9 /* Products */,
			);
			sourceTree = "<group>";
		};
		01659B7E24485EBE0090A0D9 /* Products */ = {
			isa = PBXGroup;
			children = (
				01659B7D24485EBE0090A0D9 /* HouseLog.app */,
				01659B9324485EC00090A0D9 /* HouseLogTests.xctest */,
				01659B9E24485EC00090A0D9 /* HouseLogUITests.xctest */,
			);
			name = Products;
			sourceTree = "<group>";
		};
		01659B7F24485EBE0090A0D9 /* HouseLog */ = {
			isa = PBXGroup;
			children = (
				012146FF24795DBA0002D830 /* HouseLog */,
				01659BB0244861CD0090A0D9 /* GenericView.swift */,
				01659B8024485EBE0090A0D9 /* AppDelegate.swift */,
				01659B8224485EBE0090A0D9 /* SceneDelegate.swift */,
				01659B8424485EBF0090A0D9 /* ContentView.swift */,
				01659B8624485EC00090A0D9 /* Assets.xcassets */,
				01659B8B24485EC00090A0D9 /* LaunchScreen.storyboard */,
				01659B8E24485EC00090A0D9 /* Info.plist */,
				01659B8824485EC00090A0D9 /* Preview Content */,
			);
			path = HouseLog;
			sourceTree = "<group>";
		};
		01659B8824485EC00090A0D9 /* Preview Content */ = {
			isa = PBXGroup;
			children = (
				01659B8924485EC00090A0D9 /* Preview Assets.xcassets */,
			);
			path = "Preview Content";
			sourceTree = "<group>";
		};
		01659B9624485EC00090A0D9 /* HouseLogTests */ = {
			isa = PBXGroup;
			children = (
				01659B9724485EC00090A0D9 /* HouseLogTests.swift */,
				01659B9924485EC00090A0D9 /* Info.plist */,
			);
			path = HouseLogTests;
			sourceTree = "<group>";
		};
		01659BA124485EC00090A0D9 /* HouseLogUITests */ = {
			isa = PBXGroup;
			children = (
				01659BA224485EC00090A0D9 /* HouseLogUITests.swift */,
				01659BA424485EC00090A0D9 /* Info.plist */,
			);
			path = HouseLogUITests;
			sourceTree = "<group>";
		};
/* End PBXGroup section */

/* Begin PBXNativeTarget section */
		01659B7C24485EBE0090A0D9 /* HouseLog */ = {
			isa = PBXNativeTarget;
			buildConfigurationList = 01659BA724485EC00090A0D9 /* Build configuration list for PBXNativeTarget "HouseLog" */;
			buildPhases = (
				01659B7924485EBE0090A0D9 /* Sources */,
				01659B7A24485EBE0090A0D9 /* Frameworks */,
				01659B7B24485EBE0090A0D9 /* Resources */,
			);
			buildRules = (
			);
			dependencies = (
			);
			name = HouseLog;
			productName = HouseLog;
			productReference = 01659B7D24485EBE0090A0D9 /* HouseLog.app */;
			productType = "com.apple.product-type.application";
		};
		01659B9224485EC00090A0D9 /* HouseLogTests */ = {
			isa = PBXNativeTarget;
			buildConfigurationList = 01659BAA24485EC00090A0D9 /* Build configuration list for PBXNativeTarget "HouseLogTests" */;
			buildPhases = (
				01659B8F24485EC00090A0D9 /* Sources */,
				01659B9024485EC00090A0D9 /* Frameworks */,
				01659B9124485EC00090A0D9 /* Resources */,
			);
			buildRules = (
			);
			dependencies = (
				01659B9524485EC00090A0D9 /* PBXTargetDependency */,
			);
			name = HouseLogTests;
			productName = HouseLogTests;
			productReference = 01659B9324485EC00090A0D9 /* HouseLogTests.xctest */;
			productType = "com.apple.product-type.bundle.unit-test";
		};
		01659B9D24485EC00090A0D9 /* HouseLogUITests */ = {
			isa = PBXNativeTarget;
			buildConfigurationList = 01659BAD24485EC00090A0D9 /* Build configuration list for PBXNativeTarget "HouseLogUITests" */;
			buildPhases = (
				01659B9A24485EC00090A0D9 /* Sources */,
				01659B9B24485EC00090A0D9 /* Frameworks */,
				01659B9C24485EC00090A0D9 /* Resources */,
			);
			buildRules = (
			);
			dependencies = (
				01659BA024485EC00090A0D9 /* PBXTargetDependency */,
			);
			name = HouseLogUITests;
			productName = HouseLogUITests;
			productReference = 01659B9E24485EC00090A0D9 /* HouseLogUITests.xctest */;
			productType = "com.apple.product-type.bundle.ui-testing";
		};
/* End PBXNativeTarget section */

/* Begin PBXProject section */
		01659B7524485EBE0090A0D9 /* Project object */ = {
			isa = PBXProject;
			attributes = {
				LastSwiftUpdateCheck = 1140;
				LastUpgradeCheck = 1140;
				ORGANIZATIONNAME = "Arthur Boulliard";
				TargetAttributes = {
					01659B7C24485EBE0090A0D9 = {
						CreatedOnToolsVersion = 11.4;
					};
					01659B9224485EC00090A0D9 = {
						CreatedOnToolsVersion = 11.4;
						TestTargetID = 01659B7C24485EBE0090A0D9;
					};
					01659B9D24485EC00090A0D9 = {
						CreatedOnToolsVersion = 11.4;
						TestTargetID = 01659B7C24485EBE0090A0D9;
					};
				};
			};
			buildConfigurationList = 01659B7824485EBE0090A0D9 /* Build configuration list for PBXProject "HouseLog" */;
			compatibilityVersion = "Xcode 9.3";
			developmentRegion = en;
			hasScannedForEncodings = 0;
			knownRegions = (
				en,
				Base,
			);
			mainGroup = 01659B7424485EBE0090A0D9;
			productRefGroup = 01659B7E24485EBE0090A0D9 /* Products */;
			projectDirPath = "";
			projectRoot = "";
			targets = (
				01659B7C24485EBE0090A0D9 /* HouseLog */,
				01659B9224485EC00090A0D9 /* HouseLogTests */,
				01659B9D24485EC00090A0D9 /* HouseLogUITests */,
			);
		};
/* End PBXProject section */

/* Begin PBXResourcesBuildPhase section */
		01659B7B24485EBE0090A0D9 /* Resources */ = {
			isa = PBXResourcesBuildPhase;
			buildActionMask = 2147483647;
			files = (
				01659B8D24485EC00090A0D9 /* LaunchScreen.storyboard in Resources */,
				01659B8A24485EC00090A0D9 /* Preview Assets.xcassets in Resources */,
				01659B8724485EC00090A0D9 /* Assets.xcassets in Resources */,
				0121470124795F7F0002D830 /* Main.storyboard in Resources */,
			);
			runOnlyForDeploymentPostprocessing = 0;
		};
		01659B9124485EC00090A0D9 /* Resources */ = {
			isa = PBXResourcesBuildPhase;
			buildActionMask = 2147483647;
			files = (
			);
			runOnlyForDeploymentPostprocessing = 0;
		};
		01659B9C24485EC00090A0D9 /* Resources */ = {
			isa = PBXResourcesBuildPhase;
			buildActionMask = 2147483647;
			files = (
			);
			runOnlyForDeploymentPostprocessing = 0;
		};
/* End PBXResourcesBuildPhase section */

/* Begin PBXSourcesBuildPhase section */
		01659B7924485EBE0090A0D9 /* Sources */ = {
			isa = PBXSourcesBuildPhase;
			buildActionMask = 2147483647;
			files = (
				0171E3EE24A6AF32007FD625 /* HouseLogCollectionViewCell.swift in Sources */,
				012147052479883F0002D830 /* HouseLogLoginViewController.swift in Sources */,
				015DD02D248FE867005819CB /* HouseLogContentViewController.swift in Sources */,
				01659BB1244861CD0090A0D9 /* GenericView.swift in Sources */,
				01710C44249A598300D81776 /* HouseLogUserDefaultFunctions.swift in Sources */,
				01659B8124485EBE0090A0D9 /* AppDelegate.swift in Sources */,
				01214703247978190002D830 /* HouseLogContentViews.swift in Sources */,
				0167046324A7AE9B0010BC33 /* UIColor+CustomColor.swift in Sources */,
				01710C42249A45AD00D81776 /* HouseLogProtocols.swift in Sources */,
				01659B8324485EBE0090A0D9 /* SceneDelegate.swift in Sources */,
				01659B8524485EBF0090A0D9 /* ContentView.swift in Sources */,
			);
			runOnlyForDeploymentPostprocessing = 0;
		};
		01659B8F24485EC00090A0D9 /* Sources */ = {
			isa = PBXSourcesBuildPhase;
			buildActionMask = 2147483647;
			files = (
				01659B9824485EC00090A0D9 /* HouseLogTests.swift in Sources */,
			);
			runOnlyForDeploymentPostprocessing = 0;
		};
		01659B9A24485EC00090A0D9 /* Sources */ = {
			isa = PBXSourcesBuildPhase;
			buildActionMask = 2147483647;
			files = (
				01659BA324485EC00090A0D9 /* HouseLogUITests.swift in Sources */,
			);
			runOnlyForDeploymentPostprocessing = 0;
		};
/* End PBXSourcesBuildPhase section */

/* Begin PBXTargetDependency section */
		01659B9524485EC00090A0D9 /* PBXTargetDependency */ = {
			isa = PBXTargetDependency;
			target = 01659B7C24485EBE0090A0D9 /* HouseLog */;
			targetProxy = 01659B9424485EC00090A0D9 /* PBXContainerItemProxy */;
		};
		01659BA024485EC00090A0D9 /* PBXTargetDependency */ = {
			isa = PBXTargetDependency;
			target = 01659B7C24485EBE0090A0D9 /* HouseLog */;
			targetProxy = 01659B9F24485EC00090A0D9 /* PBXContainerItemProxy */;
		};
/* End PBXTargetDependency section */

/* Begin PBXVariantGroup section */
		01659B8B24485EC00090A0D9 /* LaunchScreen.storyboard */ = {
			isa = PBXVariantGroup;
			children = (
				01659B8C24485EC00090A0D9 /* Base */,
			);
			name = LaunchScreen.storyboard;
			sourceTree = "<group>";
		};
/* End PBXVariantGroup section */

/* Begin XCBuildConfiguration section */
		01659BA524485EC00090A0D9 /* Debug */ = {
			isa = XCBuildConfiguration;
			buildSettings = {
				ALWAYS_SEARCH_USER_PATHS = NO;
				CLANG_ANALYZER_NONNULL = YES;
				CLANG_ANALYZER_NUMBER_OBJECT_CONVERSION = YES_AGGRESSIVE;
				CLANG_CXX_LANGUAGE_STANDARD = "gnu++14";
				CLANG_CXX_LIBRARY = "libc++";
				CLANG_ENABLE_MODULES = YES;
				CLANG_ENABLE_OBJC_ARC = YES;
				CLANG_ENABLE_OBJC_WEAK = YES;
				CLANG_WARN_BLOCK_CAPTURE_AUTORELEASING = YES;
				CLANG_WARN_BOOL_CONVERSION = YES;
				CLANG_WARN_COMMA = YES;
				CLANG_WARN_CONSTANT_CONVERSION = YES;
				CLANG_WARN_DEPRECATED_OBJC_IMPLEMENTATIONS = YES;
				CLANG_WARN_DIRECT_OBJC_ISA_USAGE = YES_ERROR;
				CLANG_WARN_DOCUMENTATION_COMMENTS = YES;
				CLANG_WARN_EMPTY_BODY = YES;
				CLANG_WARN_ENUM_CONVERSION = YES;
				CLANG_WARN_INFINITE_RECURSION = YES;
				CLANG_WARN_INT_CONVERSION = YES;
				CLANG_WARN_NON_LITERAL_NULL_CONVERSION = YES;
				CLANG_WARN_OBJC_IMPLICIT_RETAIN_SELF = YES;
				CLANG_WARN_OBJC_LITERAL_CONVERSION = YES;
				CLANG_WARN_OBJC_ROOT_CLASS = YES_ERROR;
				CLANG_WARN_RANGE_LOOP_ANALYSIS = YES;
				CLANG_WARN_STRICT_PROTOTYPES = YES;
				CLANG_WARN_SUSPICIOUS_MOVE = YES;
				CLANG_WARN_UNGUARDED_AVAILABILITY = YES_AGGRESSIVE;
				CLANG_WARN_UNREACHABLE_CODE = YES;
				CLANG_WARN__DUPLICATE_METHOD_MATCH = YES;
				COPY_PHASE_STRIP = NO;
				DEBUG_INFORMATION_FORMAT = dwarf;
				ENABLE_STRICT_OBJC_MSGSEND = YES;
				ENABLE_TESTABILITY = YES;
				GCC_C_LANGUAGE_STANDARD = gnu11;
				GCC_DYNAMIC_NO_PIC = NO;
				GCC_NO_COMMON_BLOCKS = YES;
				GCC_OPTIMIZATION_LEVEL = 0;
				GCC_PREPROCESSOR_DEFINITIONS = (
					"DEBUG=1",
					"$(inherited)",
				);
				GCC_WARN_64_TO_32_BIT_CONVERSION = YES;
				GCC_WARN_ABOUT_RETURN_TYPE = YES_ERROR;
				GCC_WARN_UNDECLARED_SELECTOR = YES;
				GCC_WARN_UNINITIALIZED_AUTOS = YES_AGGRESSIVE;
				GCC_WARN_UNUSED_FUNCTION = YES;
				GCC_WARN_UNUSED_VARIABLE = YES;
				IPHONEOS_DEPLOYMENT_TARGET = 13.4;
				MTL_ENABLE_DEBUG_INFO = INCLUDE_SOURCE;
				MTL_FAST_MATH = YES;
				ONLY_ACTIVE_ARCH = YES;
				SDKROOT = iphoneos;
				SWIFT_ACTIVE_COMPILATION_CONDITIONS = DEBUG;
				SWIFT_OPTIMIZATION_LEVEL = "-Onone";
			};
			name = Debug;
		};
		01659BA624485EC00090A0D9 /* Release */ = {
			isa = XCBuildConfiguration;
			buildSettings = {
				ALWAYS_SEARCH_USER_PATHS = NO;
				CLANG_ANALYZER_NONNULL = YES;
				CLANG_ANALYZER_NUMBER_OBJECT_CONVERSION = YES_AGGRESSIVE;
				CLANG_CXX_LANGUAGE_STANDARD = "gnu++14";
				CLANG_CXX_LIBRARY = "libc++";
				CLANG_ENABLE_MODULES = YES;
				CLANG_ENABLE_OBJC_ARC = YES;
				CLANG_ENABLE_OBJC_WEAK = YES;
				CLANG_WARN_BLOCK_CAPTURE_AUTORELEASING = YES;
				CLANG_WARN_BOOL_CONVERSION = YES;
				CLANG_WARN_COMMA = YES;
				CLANG_WARN_CONSTANT_CONVERSION = YES;
				CLANG_WARN_DEPRECATED_OBJC_IMPLEMENTATIONS = YES;
				CLANG_WARN_DIRECT_OBJC_ISA_USAGE = YES_ERROR;
				CLANG_WARN_DOCUMENTATION_COMMENTS = YES;
				CLANG_WARN_EMPTY_BODY = YES;
				CLANG_WARN_ENUM_CONVERSION = YES;
				CLANG_WARN_INFINITE_RECURSION = YES;
				CLANG_WARN_INT_CONVERSION = YES;
				CLANG_WARN_NON_LITERAL_NULL_CONVERSION = YES;
				CLANG_WARN_OBJC_IMPLICIT_RETAIN_SELF = YES;
				CLANG_WARN_OBJC_LITERAL_CONVERSION = YES;
				CLANG_WARN_OBJC_ROOT_CLASS = YES_ERROR;
				CLANG_WARN_RANGE_LOOP_ANALYSIS = YES;
				CLANG_WARN_STRICT_PROTOTYPES = YES;
				CLANG_WARN_SUSPICIOUS_MOVE = YES;
				CLANG_WARN_UNGUARDED_AVAILABILITY = YES_AGGRESSIVE;
				CLANG_WARN_UNREACHABLE_CODE = YES;
				CLANG_WARN__DUPLICATE_METHOD_MATCH = YES;
				COPY_PHASE_STRIP = NO;
				DEBUG_INFORMATION_FORMAT = "dwarf-with-dsym";
				ENABLE_NS_ASSERTIONS = NO;
				ENABLE_STRICT_OBJC_MSGSEND = YES;
				GCC_C_LANGUAGE_STANDARD = gnu11;
				GCC_NO_COMMON_BLOCKS = YES;
				GCC_WARN_64_TO_32_BIT_CONVERSION = YES;
				GCC_WARN_ABOUT_RETURN_TYPE = YES_ERROR;
				GCC_WARN_UNDECLARED_SELECTOR = YES;
				GCC_WARN_UNINITIALIZED_AUTOS = YES_AGGRESSIVE;
				GCC_WARN_UNUSED_FUNCTION = YES;
				GCC_WARN_UNUSED_VARIABLE = YES;
				IPHONEOS_DEPLOYMENT_TARGET = 13.4;
				MTL_ENABLE_DEBUG_INFO = NO;
				MTL_FAST_MATH = YES;
				SDKROOT = iphoneos;
				SWIFT_COMPILATION_MODE = wholemodule;
				SWIFT_OPTIMIZATION_LEVEL = "-O";
				VALIDATE_PRODUCT = YES;
			};
			name = Release;
		};
		01659BA824485EC00090A0D9 /* Debug */ = {
			isa = XCBuildConfiguration;
			buildSettings = {
				ASSETCATALOG_COMPILER_APPICON_NAME = AppIcon;
				CODE_SIGN_STYLE = Automatic;
				DEVELOPMENT_ASSET_PATHS = "\"HouseLog/Preview Content\"";
				ENABLE_PREVIEWS = YES;
				INFOPLIST_FILE = HouseLog/Info.plist;
				LD_RUNPATH_SEARCH_PATHS = (
					"$(inherited)",
					"@executable_path/Frameworks",
				);
				PRODUCT_BUNDLE_IDENTIFIER = HouseLogTeam.HouseLog;
				PRODUCT_NAME = "$(TARGET_NAME)";
				SWIFT_VERSION = 5.0;
				TARGETED_DEVICE_FAMILY = "1,2";
			};
			name = Debug;
		};
		01659BA924485EC00090A0D9 /* Release */ = {
			isa = XCBuildConfiguration;
			buildSettings = {
				ASSETCATALOG_COMPILER_APPICON_NAME = AppIcon;
				CODE_SIGN_STYLE = Automatic;
				DEVELOPMENT_ASSET_PATHS = "\"HouseLog/Preview Content\"";
				ENABLE_PREVIEWS = YES;
				INFOPLIST_FILE = HouseLog/Info.plist;
				LD_RUNPATH_SEARCH_PATHS = (
					"$(inherited)",
					"@executable_path/Frameworks",
				);
				PRODUCT_BUNDLE_IDENTIFIER = HouseLogTeam.HouseLog;
				PRODUCT_NAME = "$(TARGET_NAME)";
				SWIFT_VERSION = 5.0;
				TARGETED_DEVICE_FAMILY = "1,2";
			};
			name = Release;
		};
		01659BAB24485EC00090A0D9 /* Debug */ = {
			isa = XCBuildConfiguration;
			buildSettings = {
				ALWAYS_EMBED_SWIFT_STANDARD_LIBRARIES = YES;
				BUNDLE_LOADER = "$(TEST_HOST)";
				CODE_SIGN_STYLE = Automatic;
				INFOPLIST_FILE = HouseLogTests/Info.plist;
				IPHONEOS_DEPLOYMENT_TARGET = 13.4;
				LD_RUNPATH_SEARCH_PATHS = (
					"$(inherited)",
					"@executable_path/Frameworks",
					"@loader_path/Frameworks",
				);
				PRODUCT_BUNDLE_IDENTIFIER = HouseLogTeam.HouseLogTests;
				PRODUCT_NAME = "$(TARGET_NAME)";
				SWIFT_VERSION = 5.0;
				TARGETED_DEVICE_FAMILY = "1,2";
				TEST_HOST = "$(BUILT_PRODUCTS_DIR)/HouseLog.app/HouseLog";
			};
			name = Debug;
		};
		01659BAC24485EC00090A0D9 /* Release */ = {
			isa = XCBuildConfiguration;
			buildSettings = {
				ALWAYS_EMBED_SWIFT_STANDARD_LIBRARIES = YES;
				BUNDLE_LOADER = "$(TEST_HOST)";
				CODE_SIGN_STYLE = Automatic;
				INFOPLIST_FILE = HouseLogTests/Info.plist;
				IPHONEOS_DEPLOYMENT_TARGET = 13.4;
				LD_RUNPATH_SEARCH_PATHS = (
					"$(inherited)",
					"@executable_path/Frameworks",
					"@loader_path/Frameworks",
				);
				PRODUCT_BUNDLE_IDENTIFIER = HouseLogTeam.HouseLogTests;
				PRODUCT_NAME = "$(TARGET_NAME)";
				SWIFT_VERSION = 5.0;
				TARGETED_DEVICE_FAMILY = "1,2";
				TEST_HOST = "$(BUILT_PRODUCTS_DIR)/HouseLog.app/HouseLog";
			};
			name = Release;
		};
		01659BAE24485EC00090A0D9 /* Debug */ = {
			isa = XCBuildConfiguration;
			buildSettings = {
				ALWAYS_EMBED_SWIFT_STANDARD_LIBRARIES = YES;
				CODE_SIGN_STYLE = Automatic;
				INFOPLIST_FILE = HouseLogUITests/Info.plist;
				LD_RUNPATH_SEARCH_PATHS = (
					"$(inherited)",
					"@executable_path/Frameworks",
					"@loader_path/Frameworks",
				);
				PRODUCT_BUNDLE_IDENTIFIER = HouseLogTeam.HouseLogUITests;
				PRODUCT_NAME = "$(TARGET_NAME)";
				SWIFT_VERSION = 5.0;
				TARGETED_DEVICE_FAMILY = "1,2";
				TEST_TARGET_NAME = HouseLog;
			};
			name = Debug;
		};
		01659BAF24485EC00090A0D9 /* Release */ = {
			isa = XCBuildConfiguration;
			buildSettings = {
				ALWAYS_EMBED_SWIFT_STANDARD_LIBRARIES = YES;
				CODE_SIGN_STYLE = Automatic;
				INFOPLIST_FILE = HouseLogUITests/Info.plist;
				LD_RUNPATH_SEARCH_PATHS = (
					"$(inherited)",
					"@executable_path/Frameworks",
					"@loader_path/Frameworks",
				);
				PRODUCT_BUNDLE_IDENTIFIER = HouseLogTeam.HouseLogUITests;
				PRODUCT_NAME = "$(TARGET_NAME)";
				SWIFT_VERSION = 5.0;
				TARGETED_DEVICE_FAMILY = "1,2";
				TEST_TARGET_NAME = HouseLog;
			};
			name = Release;
		};
/* End XCBuildConfiguration section */

/* Begin XCConfigurationList section */
		01659B7824485EBE0090A0D9 /* Build configuration list for PBXProject "HouseLog" */ = {
			isa = XCConfigurationList;
			buildConfigurations = (
				01659BA524485EC00090A0D9 /* Debug */,
				01659BA624485EC00090A0D9 /* Release */,
			);
			defaultConfigurationIsVisible = 0;
			defaultConfigurationName = Release;
		};
		01659BA724485EC00090A0D9 /* Build configuration list for PBXNativeTarget "HouseLog" */ = {
			isa = XCConfigurationList;
			buildConfigurations = (
				01659BA824485EC00090A0D9 /* Debug */,
				01659BA924485EC00090A0D9 /* Release */,
			);
			defaultConfigurationIsVisible = 0;
			defaultConfigurationName = Release;
		};
		01659BAA24485EC00090A0D9 /* Build configuration list for PBXNativeTarget "HouseLogTests" */ = {
			isa = XCConfigurationList;
			buildConfigurations = (
				01659BAB24485EC00090A0D9 /* Debug */,
				01659BAC24485EC00090A0D9 /* Release */,
			);
			defaultConfigurationIsVisible = 0;
			defaultConfigurationName = Release;
		};
		01659BAD24485EC00090A0D9 /* Build configuration list for PBXNativeTarget "HouseLogUITests" */ = {
			isa = XCConfigurationList;
			buildConfigurations = (
				01659BAE24485EC00090A0D9 /* Debug */,
				01659BAF24485EC00090A0D9 /* Release */,
			);
			defaultConfigurationIsVisible = 0;
			defaultConfigurationName = Release;
		};
/* End XCConfigurationList section */
	};
	rootObject = 01659B7524485EBE0090A0D9 /* Project object */;
}
